
Microsoft Visual Studio Solution File, Format Version 12.00
# Visual Studio 15
VisualStudioVersion = 15.0.26430.4
MinimumVisualStudioVersion = 10.0.40219.1
Project("{FAE04EC0-301F-11D3-BF4B-00C04F79EFBC}") = "WaterLevelMonitorService", "WaterLevelMonitorService\WaterLevelMonitorService.csproj", "{E6AFFDA3-AA88-4053-B8CD-474A07186C9B}"
EndProject
Project("{FAE04EC0-301F-11D3-BF4B-00C04F79EFBC}") = "WaterLevelMonitorProcessor", "WaterLevelMonitorProcessor\WaterLevelMonitorProcessor.csproj", "{B2726E7E-4063-4C80-A582-A8D9683DCA00}"
EndProject
Project("{FAE04EC0-301F-11D3-BF4B-00C04F79EFBC}") = "WaterLevelCheckerDomain", "WaterLevelCheckerDomain\WaterLevelCheckerDomain.csproj", "{695C584D-1589-4189-B284-902629DCD90C}"
EndProject
Global
	GlobalSection(SolutionConfigurationPlatforms) = preSolution
		Debug|Any CPU = Debug|Any CPU
		Release|Any CPU = Release|Any CPU
	EndGlobalSection
	GlobalSection(ProjectConfigurationPlatforms) = postSolution
		{E6AFFDA3-AA88-4053-B8CD-474A07186C9B}.Debug|Any CPU.ActiveCfg = Debug|Any CPU
		{E6AFFDA3-AA88-4053-B8CD-474A07186C9B}.Debug|Any CPU.Build.0 = Debug|Any CPU
		{E6AFFDA3-AA88-4053-B8CD-474A07186C9B}.Release|Any CPU.ActiveCfg = Release|Any CPU
		{E6AFFDA3-AA88-4053-B8CD-474A07186C9B}.Release|Any CPU.Build.0 = Release|Any CPU
		{B2726E7E-4063-4C80-A582-A8D9683DCA00}.Debug|Any CPU.ActiveCfg = Debug|Any CPU
		{B2726E7E-4063-4C80-A582-A8D9683DCA00}.Debug|Any CPU.Build.0 = Debug|Any CPU
		{B2726E7E-4063-4C80-A582-A8D9683DCA00}.Release|Any CPU.ActiveCfg = Release|Any CPU
		{B2726E7E-4063-4C80-A582-A8D9683DCA00}.Release|Any CPU.Build.0 = Release|Any CPU
		{695C584D-1589-4189-B284-902629DCD90C}.Debug|Any CPU.ActiveCfg = Debug|Any CPU
		{695C584D-1589-4189-B284-902629DCD90C}.Debug|Any CPU.Build.0 = Debug|Any CPU
		{695C584D-1589-4189-B284-902629DCD90C}.Release|Any CPU.ActiveCfg = Release|Any CPU
		{695C584D-1589-4189-B284-902629DCD90C}.Release|Any CPU.Build.0 = Release|Any CPU
	EndGlobalSection
	GlobalSection(SolutionProperties) = preSolution
		HideSolutionNode = FALSE
	EndGlobalSection
EndGlobal
